
Microsoft Visual Studio Solution File, Format Version 12.00
# Visual Studio Version 17
VisualStudioVersion = 17.5.33424.131
MinimumVisualStudioVersion = 10.0.40219.1
Project("{FAE04EC0-301F-11D3-BF4B-00C04F79EFBC}") = "QuanLyKhachSan", "QuanLyKhachSan.csproj", "{A2972CB3-FA4F-4728-BDDE-3E72514464DE}"
EndProject
Global
	GlobalSection(SolutionConfigurationPlatforms) = preSolution
		Debug|Any CPU = Debug|Any CPU
		Release|Any CPU = Release|Any CPU
	EndGlobalSection
	GlobalSection(ProjectConfigurationPlatforms) = postSolution
		{A2972CB3-FA4F-4728-BDDE-3E72514464DE}.Debug|Any CPU.ActiveCfg = Debug|Any CPU
		{A2972CB3-FA4F-4728-BDDE-3E72514464DE}.Debug|Any CPU.Build.0 = Debug|Any CPU
		{A2972CB3-FA4F-4728-BDDE-3E72514464DE}.Release|Any CPU.ActiveCfg = Release|Any CPU
		{A2972CB3-FA4F-4728-BDDE-3E72514464DE}.Release|Any CPU.Build.0 = Release|Any CPU
	EndGlobalSection
	GlobalSection(SolutionProperties) = preSolution
		HideSolutionNode = FALSE
	EndGlobalSection
	GlobalSection(ExtensibilityGlobals) = postSolution
		SolutionGuid = {85417FF5-168E-4A70-A163-0859B56FA885}
	EndGlobalSection
EndGlobal
